
Microsoft Visual Studio Solution File, Format Version 12.00
# Visual Studio Version 17
VisualStudioVersion = 17.4.33213.308
MinimumVisualStudioVersion = 10.0.40219.1
Project("{FAE04EC0-301F-11D3-BF4B-00C04F79EFBC}") = "AndroidStudioWebApi", "AndroidStudioWebApi\AndroidStudioWebApi.csproj", "{3CB91DBE-AEC8-4B7C-B9D3-13C57C58EE97}"
EndProject
Global
	GlobalSection(SolutionConfigurationPlatforms) = preSolution
		Debug|Any CPU = Debug|Any CPU
		Release|Any CPU = Release|Any CPU
	EndGlobalSection
	GlobalSection(ProjectConfigurationPlatforms) = postSolution
		{3CB91DBE-AEC8-4B7C-B9D3-13C57C58EE97}.Debug|Any CPU.ActiveCfg = Debug|Any CPU
		{3CB91DBE-AEC8-4B7C-B9D3-13C57C58EE97}.Debug|Any CPU.Build.0 = Debug|Any CPU
		{3CB91DBE-AEC8-4B7C-B9D3-13C57C58EE97}.Release|Any CPU.ActiveCfg = Release|Any CPU
		{3CB91DBE-AEC8-4B7C-B9D3-13C57C58EE97}.Release|Any CPU.Build.0 = Release|Any CPU
	EndGlobalSection
	GlobalSection(SolutionProperties) = preSolution
		HideSolutionNode = FALSE
	EndGlobalSection
	GlobalSection(ExtensibilityGlobals) = postSolution
		SolutionGuid = {F87F110D-F695-4F87-B6A2-477A9962EAD4}
	EndGlobalSection
EndGlobal
